
Microsoft Visual Studio Solution File, Format Version 12.00
# Visual Studio Version 17
VisualStudioVersion = 17.3.32901.215
MinimumVisualStudioVersion = 10.0.40219.1
Project("{8BC9CEB8-8B4A-11D0-8D11-00A0C91BC942}") = "第五周作业-链表实现", "第五周作业-链表实现\第五周作业-链表实现.vcxproj", "{887ED897-4A01-4682-8445-608B552A7D75}"
EndProject
Global
	GlobalSection(SolutionConfigurationPlatforms) = preSolution
		Debug|x64 = Debug|x64
		Debug|x86 = Debug|x86
		Release|x64 = Release|x64
		Release|x86 = Release|x86
	EndGlobalSection
	GlobalSection(ProjectConfigurationPlatforms) = postSolution
		{887ED897-4A01-4682-8445-608B552A7D75}.Debug|x64.ActiveCfg = Debug|x64
		{887ED897-4A01-4682-8445-608B552A7D75}.Debug|x64.Build.0 = Debug|x64
		{887ED897-4A01-4682-8445-608B552A7D75}.Debug|x86.ActiveCfg = Debug|Win32
		{887ED897-4A01-4682-8445-608B552A7D75}.Debug|x86.Build.0 = Debug|Win32
		{887ED897-4A01-4682-8445-608B552A7D75}.Release|x64.ActiveCfg = Release|x64
		{887ED897-4A01-4682-8445-608B552A7D75}.Release|x64.Build.0 = Release|x64
		{887ED897-4A01-4682-8445-608B552A7D75}.Release|x86.ActiveCfg = Release|Win32
		{887ED897-4A01-4682-8445-608B552A7D75}.Release|x86.Build.0 = Release|Win32
	EndGlobalSection
	GlobalSection(SolutionProperties) = preSolution
		HideSolutionNode = FALSE
	EndGlobalSection
	GlobalSection(ExtensibilityGlobals) = postSolution
		SolutionGuid = {B477EA9B-F84A-4F6D-8DD4-41CBCED618A9}
	EndGlobalSection
EndGlobal
